// !$*UTF8*$!
{
	archiveVersion = 1;
	classes = {
	};
	objectVersion = 46;
	objects = {

/* Begin PBXBuildFile section */
		3F60A9451B023FCF00402038 /* LeftArrow.png in Resources */ = {isa = PBXBuildFile; fileRef = 3F60A9431B023FCF00402038 /* LeftArrow.png */; };
		3F60A9461B023FCF00402038 /* RightArrow.png in Resources */ = {isa = PBXBuildFile; fileRef = 3F60A9441B023FCF00402038 /* RightArrow.png */; };
		3F60A9481B023FE000402038 /* VirtualController.swift in Sources */ = {isa = PBXBuildFile; fileRef = 3F60A9471B023FE000402038 /* VirtualController.swift */; };
		3F60A94A1B023FF800402038 /* OptionsScene.swift in Sources */ = {isa = PBXBuildFile; fileRef = 3F60A9491B023FF800402038 /* OptionsScene.swift */; };
		3F7B09111AE74DC0000EEAD4 /* AppDelegate.swift in Sources */ = {isa = PBXBuildFile; fileRef = 3F7B09101AE74DC0000EEAD4 /* AppDelegate.swift */; };
		3F7B09151AE74DC0000EEAD4 /* GameScene.swift in Sources */ = {isa = PBXBuildFile; fileRef = 3F7B09141AE74DC0000EEAD4 /* GameScene.swift */; };
		3F7B09171AE74DC0000EEAD4 /* GameViewController.swift in Sources */ = {isa = PBXBuildFile; fileRef = 3F7B09161AE74DC0000EEAD4 /* GameViewController.swift */; };
		3F7B091A1AE74DC0000EEAD4 /* Main.storyboard in Resources */ = {isa = PBXBuildFile; fileRef = 3F7B09181AE74DC0000EEAD4 /* Main.storyboard */; };
		3F7B091C1AE74DC0000EEAD4 /* Images.xcassets in Resources */ = {isa = PBXBuildFile; fileRef = 3F7B091B1AE74DC0000EEAD4 /* Images.xcassets */; };
		3F7B091F1AE74DC0000EEAD4 /* LaunchScreen.xib in Resources */ = {isa = PBXBuildFile; fileRef = 3F7B091D1AE74DC0000EEAD4 /* LaunchScreen.xib */; };
		3F7B092B1AE74DC1000EEAD4 /* SpaceInvadersTests.swift in Sources */ = {isa = PBXBuildFile; fileRef = 3F7B092A1AE74DC1000EEAD4 /* SpaceInvadersTests.swift */; };
		3F7B09351AE74E76000EEAD4 /* StartGameScene.swift in Sources */ = {isa = PBXBuildFile; fileRef = 3F7B09341AE74E76000EEAD4 /* StartGameScene.swift */; };
		3F7B09441AE75041000EEAD4 /* CONQUEST.ttf in Resources */ = {isa = PBXBuildFile; fileRef = 3F7B09371AE75041000EEAD4 /* CONQUEST.ttf */; };
		3F7B09451AE75041000EEAD4 /* invader1.png in Resources */ = {isa = PBXBuildFile; fileRef = 3F7B09381AE75041000EEAD4 /* invader1.png */; };
		3F7B09461AE75041000EEAD4 /* invader2.png in Resources */ = {isa = PBXBuildFile; fileRef = 3F7B09391AE75041000EEAD4 /* invader2.png */; };
		3F7B09471AE75041000EEAD4 /* invader3.png in Resources */ = {isa = PBXBuildFile; fileRef = 3F7B093A1AE75041000EEAD4 /* invader3.png */; };
		3F7B09481AE75041000EEAD4 /* laser.mp3 in Resources */ = {isa = PBXBuildFile; fileRef = 3F7B093B1AE75041000EEAD4 /* laser.mp3 */; };
		3F7B09491AE75041000EEAD4 /* laser.png in Resources */ = {isa = PBXBuildFile; fileRef = 3F7B093C1AE75041000EEAD4 /* laser.png */; };
		3F7B094A1AE75041000EEAD4 /* newgamebtn.png in Resources */ = {isa = PBXBuildFile; fileRef = 3F7B093D1AE75041000EEAD4 /* newgamebtn.png */; };
		3F7B094B1AE75041000EEAD4 /* nextlevelbtn.png in Resources */ = {isa = PBXBuildFile; fileRef = 3F7B093E1AE75041000EEAD4 /* nextlevelbtn.png */; };
		3F7B094E1AE75041000EEAD4 /* star.png in Resources */ = {isa = PBXBuildFile; fileRef = 3F7B09411AE75041000EEAD4 /* star.png */; };
		3F7B094F1AE75041000EEAD4 /* start_btn.png in Resources */ = {isa = PBXBuildFile; fileRef = 3F7B09421AE75041000EEAD4 /* start_btn.png */; };
		3F7B09501AE75041000EEAD4 /* ufo.png in Resources */ = {isa = PBXBuildFile; fileRef = 3F7B09431AE75041000EEAD4 /* ufo.png */; };
		3F7B09541AE7532E000EEAD4 /* Player.swift in Sources */ = {isa = PBXBuildFile; fileRef = 3F7B09531AE7532E000EEAD4 /* Player.swift */; };
		3F7B09561AE753B1000EEAD4 /* Bullet.swift in Sources */ = {isa = PBXBuildFile; fileRef = 3F7B09551AE753B1000EEAD4 /* Bullet.swift */; };
		3F7B095A1AE75465000EEAD4 /* PlayerBullet.swift in Sources */ = {isa = PBXBuildFile; fileRef = 3F7B09591AE75465000EEAD4 /* PlayerBullet.swift */; };
		3F7B095C1AE756A3000EEAD4 /* Utilities.swift in Sources */ = {isa = PBXBuildFile; fileRef = 3F7B095B1AE756A3000EEAD4 /* Utilities.swift */; };
		3F7B095E1AE75A75000EEAD4 /* LevelCompleteScene.swift in Sources */ = {isa = PBXBuildFile; fileRef = 3F7B095D1AE75A75000EEAD4 /* LevelCompleteScene.swift */; };
		3F7B09611AE75CE9000EEAD4 /* StarField.sks in Resources */ = {isa = PBXBuildFile; fileRef = 3F7B095F1AE75CE9000EEAD4 /* StarField.sks */; };
		3F7B09621AE75CE9000EEAD4 /* spark.png in Resources */ = {isa = PBXBuildFile; fileRef = 3F7B09601AE75CE9000EEAD4 /* spark.png */; };
		3FB5577D1AFBA4B200916F1B /* Fire.sks in Resources */ = {isa = PBXBuildFile; fileRef = 3FB5577C1AFBA4B200916F1B /* Fire.sks */; };
		3FB5577F1AFBAC2800916F1B /* Inversionz.otf in Resources */ = {isa = PBXBuildFile; fileRef = 3FB5577E1AFBAC2800916F1B /* Inversionz.otf */; };
		3FEA26411B01570200680E31 /* TitleText.swift in Sources */ = {isa = PBXBuildFile; fileRef = 3FEA26401B01570200680E31 /* TitleText.swift */; };
		3FEA26441B016C7300680E31 /* HUDText.swift in Sources */ = {isa = PBXBuildFile; fileRef = 3FEA26431B016C7300680E31 /* HUDText.swift */; };
		3FEA26461B01717C00680E31 /* MenuButton.swift in Sources */ = {isa = PBXBuildFile; fileRef = 3FEA26451B01717C00680E31 /* MenuButton.swift */; };
		3FEA26491B019FCE00680E31 /* GameModeScene.swift in Sources */ = {isa = PBXBuildFile; fileRef = 3FEA26481B019FCE00680E31 /* GameModeScene.swift */; };
		3FEF8AB51AF98C3C00445871 /* GameData.swift in Sources */ = {isa = PBXBuildFile; fileRef = 3FEF8AB41AF98C3C00445871 /* GameData.swift */; };
		3FEF8AB81AF98CDA00445871 /* Ship.swift in Sources */ = {isa = PBXBuildFile; fileRef = 3FEF8AB71AF98CDA00445871 /* Ship.swift */; };
		3FEF8ABA1AF9971500445871 /* GameOverScene.swift in Sources */ = {isa = PBXBuildFile; fileRef = 3FEF8AB91AF9971500445871 /* GameOverScene.swift */; };
		3FEF8ABC1AF9A5E000445871 /* Enemy.swift in Sources */ = {isa = PBXBuildFile; fileRef = 3FEF8ABB1AF9A5E000445871 /* Enemy.swift */; };
/* End PBXBuildFile section */

/* Begin PBXContainerItemProxy section */
		3F7B09251AE74DC1000EEAD4 /* PBXContainerItemProxy */ = {
			isa = PBXContainerItemProxy;
			containerPortal = 3F7B09031AE74DC0000EEAD4 /* Project object */;
			proxyType = 1;
			remoteGlobalIDString = 3F7B090A1AE74DC0000EEAD4;
			remoteInfo = SpaceInvaders;
		};
/* End PBXContainerItemProxy section */

/* Begin PBXFileReference section */
		3F60A9431B023FCF00402038 /* LeftArrow.png */ = {isa = PBXFileReference; lastKnownFileType = image.png; path = LeftArrow.png; sourceTree = "<group>"; };
		3F60A9441B023FCF00402038 /* RightArrow.png */ = {isa = PBXFileReference; lastKnownFileType = image.png; path = RightArrow.png; sourceTree = "<group>"; };
		3F60A9471B023FE000402038 /* VirtualController.swift */ = {isa = PBXFileReference; fileEncoding = 4; lastKnownFileType = sourcecode.swift; path = VirtualController.swift; sourceTree = "<group>"; };
		3F60A9491B023FF800402038 /* OptionsScene.swift */ = {isa = PBXFileReference; fileEncoding = 4; lastKnownFileType = sourcecode.swift; path = OptionsScene.swift; sourceTree = "<group>"; };
		3F7B090B1AE74DC0000EEAD4 /* SpaceInvaders.app */ = {isa = PBXFileReference; explicitFileType = wrapper.application; includeInIndex = 0; path = SpaceInvaders.app; sourceTree = BUILT_PRODUCTS_DIR; };
		3F7B090F1AE74DC0000EEAD4 /* Info.plist */ = {isa = PBXFileReference; lastKnownFileType = text.plist.xml; path = Info.plist; sourceTree = "<group>"; };
		3F7B09101AE74DC0000EEAD4 /* AppDelegate.swift */ = {isa = PBXFileReference; lastKnownFileType = sourcecode.swift; path = AppDelegate.swift; sourceTree = "<group>"; };
		3F7B09141AE74DC0000EEAD4 /* GameScene.swift */ = {isa = PBXFileReference; lastKnownFileType = sourcecode.swift; path = GameScene.swift; sourceTree = "<group>"; };
		3F7B09161AE74DC0000EEAD4 /* GameViewController.swift */ = {isa = PBXFileReference; lastKnownFileType = sourcecode.swift; path = GameViewController.swift; sourceTree = "<group>"; };
		3F7B09191AE74DC0000EEAD4 /* Base */ = {isa = PBXFileReference; lastKnownFileType = file.storyboard; name = Base; path = Base.lproj/Main.storyboard; sourceTree = "<group>"; };
		3F7B091B1AE74DC0000EEAD4 /* Images.xcassets */ = {isa = PBXFileReference; lastKnownFileType = folder.assetcatalog; path = Images.xcassets; sourceTree = "<group>"; };
		3F7B091E1AE74DC0000EEAD4 /* Base */ = {isa = PBXFileReference; lastKnownFileType = file.xib; name = Base; path = Base.lproj/LaunchScreen.xib; sourceTree = "<group>"; };
		3F7B09241AE74DC1000EEAD4 /* SpaceInvadersTests.xctest */ = {isa = PBXFileReference; explicitFileType = wrapper.cfbundle; includeInIndex = 0; path = SpaceInvadersTests.xctest; sourceTree = BUILT_PRODUCTS_DIR; };
		3F7B09291AE74DC1000EEAD4 /* Info.plist */ = {isa = PBXFileReference; lastKnownFileType = text.plist.xml; path = Info.plist; sourceTree = "<group>"; };
		3F7B092A1AE74DC1000EEAD4 /* SpaceInvadersTests.swift */ = {isa = PBXFileReference; lastKnownFileType = sourcecode.swift; path = SpaceInvadersTests.swift; sourceTree = "<group>"; };
		3F7B09341AE74E76000EEAD4 /* StartGameScene.swift */ = {isa = PBXFileReference; fileEncoding = 4; lastKnownFileType = sourcecode.swift; path = StartGameScene.swift; sourceTree = "<group>"; };
		3F7B09371AE75041000EEAD4 /* CONQUEST.ttf */ = {isa = PBXFileReference; lastKnownFileType = file; path = CONQUEST.ttf; sourceTree = "<group>"; };
		3F7B09381AE75041000EEAD4 /* invader1.png */ = {isa = PBXFileReference; lastKnownFileType = image.png; path = invader1.png; sourceTree = "<group>"; };
		3F7B09391AE75041000EEAD4 /* invader2.png */ = {isa = PBXFileReference; lastKnownFileType = image.png; path = invader2.png; sourceTree = "<group>"; };
		3F7B093A1AE75041000EEAD4 /* invader3.png */ = {isa = PBXFileReference; lastKnownFileType = image.png; path = invader3.png; sourceTree = "<group>"; };
		3F7B093B1AE75041000EEAD4 /* laser.mp3 */ = {isa = PBXFileReference; lastKnownFileType = audio.mp3; path = laser.mp3; sourceTree = "<group>"; };
		3F7B093C1AE75041000EEAD4 /* laser.png */ = {isa = PBXFileReference; lastKnownFileType = image.png; path = laser.png; sourceTree = "<group>"; };
		3F7B093D1AE75041000EEAD4 /* newgamebtn.png */ = {isa = PBXFileReference; lastKnownFileType = image.png; path = newgamebtn.png; sourceTree = "<group>"; };
		3F7B093E1AE75041000EEAD4 /* nextlevelbtn.png */ = {isa = PBXFileReference; lastKnownFileType = image.png; path = nextlevelbtn.png; sourceTree = "<group>"; };
		3F7B09411AE75041000EEAD4 /* star.png */ = {isa = PBXFileReference; lastKnownFileType = image.png; path = star.png; sourceTree = "<group>"; };
		3F7B09421AE75041000EEAD4 /* start_btn.png */ = {isa = PBXFileReference; lastKnownFileType = image.png; path = start_btn.png; sourceTree = "<group>"; };
		3F7B09431AE75041000EEAD4 /* ufo.png */ = {isa = PBXFileReference; lastKnownFileType = image.png; path = ufo.png; sourceTree = "<group>"; };
		3F7B09531AE7532E000EEAD4 /* Player.swift */ = {isa = PBXFileReference; fileEncoding = 4; lastKnownFileType = sourcecode.swift; path = Player.swift; sourceTree = "<group>"; };
		3F7B09551AE753B1000EEAD4 /* Bullet.swift */ = {isa = PBXFileReference; fileEncoding = 4; lastKnownFileType = sourcecode.swift; path = Bullet.swift; sourceTree = "<group>"; };
		3F7B09591AE75465000EEAD4 /* PlayerBullet.swift */ = {isa = PBXFileReference; fileEncoding = 4; lastKnownFileType = sourcecode.swift; path = PlayerBullet.swift; sourceTree = "<group>"; };
		3F7B095B1AE756A3000EEAD4 /* Utilities.swift */ = {isa = PBXFileReference; fileEncoding = 4; lastKnownFileType = sourcecode.swift; path = Utilities.swift; sourceTree = "<group>"; };
		3F7B095D1AE75A75000EEAD4 /* LevelCompleteScene.swift */ = {isa = PBXFileReference; fileEncoding = 4; lastKnownFileType = sourcecode.swift; name = LevelCompleteScene.swift; path = ../LevelCompleteScene.swift; sourceTree = "<group>"; };
		3F7B095F1AE75CE9000EEAD4 /* StarField.sks */ = {isa = PBXFileReference; lastKnownFileType = file.sks; path = StarField.sks; sourceTree = "<group>"; };
		3F7B09601AE75CE9000EEAD4 /* spark.png */ = {isa = PBXFileReference; lastKnownFileType = image.png; path = spark.png; sourceTree = "<group>"; };
		3FB5577C1AFBA4B200916F1B /* Fire.sks */ = {isa = PBXFileReference; lastKnownFileType = file.sks; path = Fire.sks; sourceTree = "<group>"; };
		3FB5577E1AFBAC2800916F1B /* Inversionz.otf */ = {isa = PBXFileReference; lastKnownFileType = file; path = Inversionz.otf; sourceTree = "<group>"; };
		3FEA26401B01570200680E31 /* TitleText.swift */ = {isa = PBXFileReference; fileEncoding = 4; lastKnownFileType = sourcecode.swift; path = TitleText.swift; sourceTree = "<group>"; };
		3FEA26431B016C7300680E31 /* HUDText.swift */ = {isa = PBXFileReference; fileEncoding = 4; lastKnownFileType = sourcecode.swift; path = HUDText.swift; sourceTree = "<group>"; };
		3FEA26451B01717C00680E31 /* MenuButton.swift */ = {isa = PBXFileReference; fileEncoding = 4; lastKnownFileType = sourcecode.swift; path = MenuButton.swift; sourceTree = "<group>"; };
		3FEA26481B019FCE00680E31 /* GameModeScene.swift */ = {isa = PBXFileReference; fileEncoding = 4; lastKnownFileType = sourcecode.swift; path = GameModeScene.swift; sourceTree = "<group>"; };
		3FEF8AB41AF98C3C00445871 /* GameData.swift */ = {isa = PBXFileReference; fileEncoding = 4; lastKnownFileType = sourcecode.swift; path = GameData.swift; sourceTree = "<group>"; };
		3FEF8AB71AF98CDA00445871 /* Ship.swift */ = {isa = PBXFileReference; fileEncoding = 4; lastKnownFileType = sourcecode.swift; path = Ship.swift; sourceTree = "<group>"; };
		3FEF8AB91AF9971500445871 /* GameOverScene.swift */ = {isa = PBXFileReference; fileEncoding = 4; lastKnownFileType = sourcecode.swift; path = GameOverScene.swift; sourceTree = "<group>"; };
		3FEF8ABB1AF9A5E000445871 /* Enemy.swift */ = {isa = PBXFileReference; fileEncoding = 4; lastKnownFileType = sourcecode.swift; path = Enemy.swift; sourceTree = "<group>"; };
/* End PBXFileReference section */

/* Begin PBXFrameworksBuildPhase section */
		3F7B09081AE74DC0000EEAD4 /* Frameworks */ = {
			isa = PBXFrameworksBuildPhase;
			buildActionMask = 2147483647;
			files = (
			);
			runOnlyForDeploymentPostprocessing = 0;
		};
		3F7B09211AE74DC1000EEAD4 /* Frameworks */ = {
			isa = PBXFrameworksBuildPhase;
			buildActionMask = 2147483647;
			files = (
			);
			runOnlyForDeploymentPostprocessing = 0;
		};
/* End PBXFrameworksBuildPhase section */

/* Begin PBXGroup section */
		3F7B09021AE74DC0000EEAD4 = {
			isa = PBXGroup;
			children = (
				3F7B090D1AE74DC0000EEAD4 /* SpaceInvaders */,
				3F7B09271AE74DC1000EEAD4 /* SpaceInvadersTests */,
				3F7B090C1AE74DC0000EEAD4 /* Products */,
			);
			sourceTree = "<group>";
		};
		3F7B090C1AE74DC0000EEAD4 /* Products */ = {
			isa = PBXGroup;
			children = (
				3F7B090B1AE74DC0000EEAD4 /* SpaceInvaders.app */,
				3F7B09241AE74DC1000EEAD4 /* SpaceInvadersTests.xctest */,
			);
			name = Products;
			sourceTree = "<group>";
		};
		3F7B090D1AE74DC0000EEAD4 /* SpaceInvaders */ = {
			isa = PBXGroup;
			children = (
				3F7B09101AE74DC0000EEAD4 /* AppDelegate.swift */,
				3FEF8AB61AF98C4200445871 /* Data Managers */,
				3FEF8AB11AF9893500445871 /* Game Objects */,
				3FEF8AAF1AF988DC00445871 /* Scenes */,
				3FEF8AB01AF9891200445871 /* View Controllers */,
				3F7B09181AE74DC0000EEAD4 /* Main.storyboard */,
				3F7B091D1AE74DC0000EEAD4 /* LaunchScreen.xib */,
				3F7B091B1AE74DC0000EEAD4 /* Images.xcassets */,
				3FEF8AB31AF9896100445871 /* Sounds */,
				3FEF8AB21AF9895200445871 /* Fonts */,
				3F7B09361AE75041000EEAD4 /* images */,
				3F7B090E1AE74DC0000EEAD4 /* Supporting Files */,
			);
			path = SpaceInvaders;
			sourceTree = "<group>";
		};
		3F7B090E1AE74DC0000EEAD4 /* Supporting Files */ = {
			isa = PBXGroup;
			children = (
				3F7B095B1AE756A3000EEAD4 /* Utilities.swift */,
				3F7B090F1AE74DC0000EEAD4 /* Info.plist */,
				3F7B095F1AE75CE9000EEAD4 /* StarField.sks */,
				3FB5577C1AFBA4B200916F1B /* Fire.sks */,
				3F7B09601AE75CE9000EEAD4 /* spark.png */,
			);
			name = "Supporting Files";
			sourceTree = "<group>";
		};
		3F7B09271AE74DC1000EEAD4 /* SpaceInvadersTests */ = {
			isa = PBXGroup;
			children = (
				3F7B092A1AE74DC1000EEAD4 /* SpaceInvadersTests.swift */,
				3F7B09281AE74DC1000EEAD4 /* Supporting Files */,
			);
			path = SpaceInvadersTests;
			sourceTree = "<group>";
		};
		3F7B09281AE74DC1000EEAD4 /* Supporting Files */ = {
			isa = PBXGroup;
			children = (
				3F7B09291AE74DC1000EEAD4 /* Info.plist */,
			);
			name = "Supporting Files";
			sourceTree = "<group>";
		};
		3F7B09361AE75041000EEAD4 /* images */ = {
			isa = PBXGroup;
			children = (
				3F60A9431B023FCF00402038 /* LeftArrow.png */,
				3F60A9441B023FCF00402038 /* RightArrow.png */,
				3F7B09381AE75041000EEAD4 /* invader1.png */,
				3F7B09391AE75041000EEAD4 /* invader2.png */,
				3F7B093A1AE75041000EEAD4 /* invader3.png */,
				3F7B093C1AE75041000EEAD4 /* laser.png */,
				3F7B093D1AE75041000EEAD4 /* newgamebtn.png */,
				3F7B093E1AE75041000EEAD4 /* nextlevelbtn.png */,
				3F7B09411AE75041000EEAD4 /* star.png */,
				3F7B09421AE75041000EEAD4 /* start_btn.png */,
				3F7B09431AE75041000EEAD4 /* ufo.png */,
			);
			name = images;
			path = ../images;
			sourceTree = "<group>";
		};
		3FB557801AFBDBA400916F1B /* Ships */ = {
			isa = PBXGroup;
			children = (
				3FEF8AB71AF98CDA00445871 /* Ship.swift */,
				3F7B09531AE7532E000EEAD4 /* Player.swift */,
				3FEF8ABB1AF9A5E000445871 /* Enemy.swift */,
			);
			name = Ships;
			sourceTree = "<group>";
		};
		3FB557811AFBDBAF00916F1B /* Bullets */ = {
			isa = PBXGroup;
			children = (
				3F7B09551AE753B1000EEAD4 /* Bullet.swift */,
				3F7B09591AE75465000EEAD4 /* PlayerBullet.swift */,
			);
			name = Bullets;
			sourceTree = "<group>";
		};
		3FEA26421B0162F800680E31 /* Text */ = {
			isa = PBXGroup;
			children = (
				3FEA26401B01570200680E31 /* TitleText.swift */,
				3FEA26431B016C7300680E31 /* HUDText.swift */,
			);
			name = Text;
			sourceTree = "<group>";
		};
		3FEA26471B01718000680E31 /* Buttons */ = {
			isa = PBXGroup;
			children = (
				3FEA26451B01717C00680E31 /* MenuButton.swift */,
				3F60A9471B023FE000402038 /* VirtualController.swift */,
			);
			name = Buttons;
			sourceTree = "<group>";
		};
		3FEF8AAF1AF988DC00445871 /* Scenes */ = {
			isa = PBXGroup;
			children = (
				3F7B09341AE74E76000EEAD4 /* StartGameScene.swift */,
				3FEA26481B019FCE00680E31 /* GameModeScene.swift */,
				3F7B09141AE74DC0000EEAD4 /* GameScene.swift */,
				3F7B095D1AE75A75000EEAD4 /* LevelCompleteScene.swift */,
				3FEF8AB91AF9971500445871 /* GameOverScene.swift */,
				3F60A9491B023FF800402038 /* OptionsScene.swift */,
			);
			name = Scenes;
			sourceTree = "<group>";
		};
		3FEF8AB01AF9891200445871 /* View Controllers */ = {
			isa = PBXGroup;
			children = (
				3F7B09161AE74DC0000EEAD4 /* GameViewController.swift */,
			);
			name = "View Controllers";
			sourceTree = "<group>";
		};
		3FEF8AB11AF9893500445871 /* Game Objects */ = {
			isa = PBXGroup;
			children = (
				3FB557801AFBDBA400916F1B /* Ships */,
				3FB557811AFBDBAF00916F1B /* Bullets */,
				3FEA26421B0162F800680E31 /* Text */,
				3FEA26471B01718000680E31 /* Buttons */,
			);
			name = "Game Objects";
			sourceTree = "<group>";
		};
		3FEF8AB21AF9895200445871 /* Fonts */ = {
			isa = PBXGroup;
			children = (
				3FB5577E1AFBAC2800916F1B /* Inversionz.otf */,
				3F7B09371AE75041000EEAD4 /* CONQUEST.ttf */,
			);
			name = Fonts;
			path = ../images;
			sourceTree = "<group>";
		};
		3FEF8AB31AF9896100445871 /* Sounds */ = {
			isa = PBXGroup;
			children = (
				3F7B093B1AE75041000EEAD4 /* laser.mp3 */,
			);
			name = Sounds;
			path = ../images;
			sourceTree = "<group>";
		};
		3FEF8AB61AF98C4200445871 /* Data Managers */ = {
			isa = PBXGroup;
			children = (
				3FEF8AB41AF98C3C00445871 /* GameData.swift */,
			);
			name = "Data Managers";
			sourceTree = "<group>";
		};
/* End PBXGroup section */

/* Begin PBXNativeTarget section */
		3F7B090A1AE74DC0000EEAD4 /* SpaceInvaders */ = {
			isa = PBXNativeTarget;
			buildConfigurationList = 3F7B092E1AE74DC1000EEAD4 /* Build configuration list for PBXNativeTarget "SpaceInvaders" */;
			buildPhases = (
				3F7B09071AE74DC0000EEAD4 /* Sources */,
				3F7B09081AE74DC0000EEAD4 /* Frameworks */,
				3F7B09091AE74DC0000EEAD4 /* Resources */,
			);
			buildRules = (
			);
			dependencies = (
			);
			name = SpaceInvaders;
			productName = SpaceInvaders;
			productReference = 3F7B090B1AE74DC0000EEAD4 /* SpaceInvaders.app */;
			productType = "com.apple.product-type.application";
		};
		3F7B09231AE74DC1000EEAD4 /* SpaceInvadersTests */ = {
			isa = PBXNativeTarget;
			buildConfigurationList = 3F7B09311AE74DC1000EEAD4 /* Build configuration list for PBXNativeTarget "SpaceInvadersTests" */;
			buildPhases = (
				3F7B09201AE74DC1000EEAD4 /* Sources */,
				3F7B09211AE74DC1000EEAD4 /* Frameworks */,
				3F7B09221AE74DC1000EEAD4 /* Resources */,
			);
			buildRules = (
			);
			dependencies = (
				3F7B09261AE74DC1000EEAD4 /* PBXTargetDependency */,
			);
			name = SpaceInvadersTests;
			productName = SpaceInvadersTests;
			productReference = 3F7B09241AE74DC1000EEAD4 /* SpaceInvadersTests.xctest */;
			productType = "com.apple.product-type.bundle.unit-test";
		};
/* End PBXNativeTarget section */

/* Begin PBXProject section */
		3F7B09031AE74DC0000EEAD4 /* Project object */ = {
			isa = PBXProject;
			attributes = {
				LastUpgradeCheck = 0620;
				ORGANIZATIONNAME = Student;
				TargetAttributes = {
					3F7B090A1AE74DC0000EEAD4 = {
						CreatedOnToolsVersion = 6.2;
					};
					3F7B09231AE74DC1000EEAD4 = {
						CreatedOnToolsVersion = 6.2;
						TestTargetID = 3F7B090A1AE74DC0000EEAD4;
					};
				};
			};
			buildConfigurationList = 3F7B09061AE74DC0000EEAD4 /* Build configuration list for PBXProject "SpaceInvaders" */;
			compatibilityVersion = "Xcode 3.2";
			developmentRegion = English;
			hasScannedForEncodings = 0;
			knownRegions = (
				en,
				Base,
			);
			mainGroup = 3F7B09021AE74DC0000EEAD4;
			productRefGroup = 3F7B090C1AE74DC0000EEAD4 /* Products */;
			projectDirPath = "";
			projectRoot = "";
			targets = (
				3F7B090A1AE74DC0000EEAD4 /* SpaceInvaders */,
				3F7B09231AE74DC1000EEAD4 /* SpaceInvadersTests */,
			);
		};
/* End PBXProject section */

/* Begin PBXResourcesBuildPhase section */
		3F7B09091AE74DC0000EEAD4 /* Resources */ = {
			isa = PBXResourcesBuildPhase;
			buildActionMask = 2147483647;
			files = (
				3FB5577F1AFBAC2800916F1B /* Inversionz.otf in Resources */,
				3F7B09441AE75041000EEAD4 /* CONQUEST.ttf in Resources */,
				3F60A9461B023FCF00402038 /* RightArrow.png in Resources */,
				3F7B094F1AE75041000EEAD4 /* start_btn.png in Resources */,
				3F7B09451AE75041000EEAD4 /* invader1.png in Resources */,
				3F7B09481AE75041000EEAD4 /* laser.mp3 in Resources */,
				3F7B091F1AE74DC0000EEAD4 /* LaunchScreen.xib in Resources */,
				3F7B094A1AE75041000EEAD4 /* newgamebtn.png in Resources */,
				3F7B09621AE75CE9000EEAD4 /* spark.png in Resources */,
				3F7B09611AE75CE9000EEAD4 /* StarField.sks in Resources */,
				3F7B09471AE75041000EEAD4 /* invader3.png in Resources */,
				3F7B091C1AE74DC0000EEAD4 /* Images.xcassets in Resources */,
				3F7B09501AE75041000EEAD4 /* ufo.png in Resources */,
				3F7B091A1AE74DC0000EEAD4 /* Main.storyboard in Resources */,
				3F7B09461AE75041000EEAD4 /* invader2.png in Resources */,
				3F7B094E1AE75041000EEAD4 /* star.png in Resources */,
				3F7B094B1AE75041000EEAD4 /* nextlevelbtn.png in Resources */,
				3F7B09491AE75041000EEAD4 /* laser.png in Resources */,
				3F60A9451B023FCF00402038 /* LeftArrow.png in Resources */,
				3FB5577D1AFBA4B200916F1B /* Fire.sks in Resources */,
			);
			runOnlyForDeploymentPostprocessing = 0;
		};
		3F7B09221AE74DC1000EEAD4 /* Resources */ = {
			isa = PBXResourcesBuildPhase;
			buildActionMask = 2147483647;
			files = (
			);
			runOnlyForDeploymentPostprocessing = 0;
		};
/* End PBXResourcesBuildPhase section */

/* Begin PBXSourcesBuildPhase section */
		3F7B09071AE74DC0000EEAD4 /* Sources */ = {
			isa = PBXSourcesBuildPhase;
			buildActionMask = 2147483647;
			files = (
				3F7B095A1AE75465000EEAD4 /* PlayerBullet.swift in Sources */,
				3F60A9481B023FE000402038 /* VirtualController.swift in Sources */,
				3F7B09151AE74DC0000EEAD4 /* GameScene.swift in Sources */,
				3FEF8ABA1AF9971500445871 /* GameOverScene.swift in Sources */,
				3F7B09351AE74E76000EEAD4 /* StartGameScene.swift in Sources */,
				3FEA26411B01570200680E31 /* TitleText.swift in Sources */,
				3F7B095E1AE75A75000EEAD4 /* LevelCompleteScene.swift in Sources */,
				3F60A94A1B023FF800402038 /* OptionsScene.swift in Sources */,
				3FEF8AB81AF98CDA00445871 /* Ship.swift in Sources */,
				3FEF8ABC1AF9A5E000445871 /* Enemy.swift in Sources */,
				3F7B09561AE753B1000EEAD4 /* Bullet.swift in Sources */,
				3F7B09171AE74DC0000EEAD4 /* GameViewController.swift in Sources */,
				3F7B09541AE7532E000EEAD4 /* Player.swift in Sources */,
				3FEA26441B016C7300680E31 /* HUDText.swift in Sources */,
				3FEA26461B01717C00680E31 /* MenuButton.swift in Sources */,
				3F7B09111AE74DC0000EEAD4 /* AppDelegate.swift in Sources */,
				3F7B095C1AE756A3000EEAD4 /* Utilities.swift in Sources */,
				3FEF8AB51AF98C3C00445871 /* GameData.swift in Sources */,
				3FEA26491B019FCE00680E31 /* GameModeScene.swift in Sources */,
			);
			runOnlyForDeploymentPostprocessing = 0;
		};
		3F7B09201AE74DC1000EEAD4 /* Sources */ = {
			isa = PBXSourcesBuildPhase;
			buildActionMask = 2147483647;
			files = (
				3F7B092B1AE74DC1000EEAD4 /* SpaceInvadersTests.swift in Sources */,
			);
			runOnlyForDeploymentPostprocessing = 0;
		};
/* End PBXSourcesBuildPhase section */

/* Begin PBXTargetDependency section */
		3F7B09261AE74DC1000EEAD4 /* PBXTargetDependency */ = {
			isa = PBXTargetDependency;
			target = 3F7B090A1AE74DC0000EEAD4 /* SpaceInvaders */;
			targetProxy = 3F7B09251AE74DC1000EEAD4 /* PBXContainerItemProxy */;
		};
/* End PBXTargetDependency section */

/* Begin PBXVariantGroup section */
		3F7B09181AE74DC0000EEAD4 /* Main.storyboard */ = {
			isa = PBXVariantGroup;
			children = (
				3F7B09191AE74DC0000EEAD4 /* Base */,
			);
			name = Main.storyboard;
			sourceTree = "<group>";
		};
		3F7B091D1AE74DC0000EEAD4 /* LaunchScreen.xib */ = {
			isa = PBXVariantGroup;
			children = (
				3F7B091E1AE74DC0000EEAD4 /* Base */,
			);
			name = LaunchScreen.xib;
			sourceTree = "<group>";
		};
/* End PBXVariantGroup section */

/* Begin XCBuildConfiguration section */
		3F7B092C1AE74DC1000EEAD4 /* Debug */ = {
			isa = XCBuildConfiguration;
			buildSettings = {
				ALWAYS_SEARCH_USER_PATHS = NO;
				CLANG_CXX_LANGUAGE_STANDARD = "gnu++0x";
				CLANG_CXX_LIBRARY = "libc++";
				CLANG_ENABLE_MODULES = YES;
				CLANG_ENABLE_OBJC_ARC = YES;
				CLANG_WARN_BOOL_CONVERSION = YES;
				CLANG_WARN_CONSTANT_CONVERSION = YES;
				CLANG_WARN_DIRECT_OBJC_ISA_USAGE = YES_ERROR;
				CLANG_WARN_EMPTY_BODY = YES;
				CLANG_WARN_ENUM_CONVERSION = YES;
				CLANG_WARN_INT_CONVERSION = YES;
				CLANG_WARN_OBJC_ROOT_CLASS = YES_ERROR;
				CLANG_WARN_UNREACHABLE_CODE = YES;
				CLANG_WARN__DUPLICATE_METHOD_MATCH = YES;
				"CODE_SIGN_IDENTITY[sdk=iphoneos*]" = "iPhone Developer";
				COPY_PHASE_STRIP = NO;
				ENABLE_STRICT_OBJC_MSGSEND = YES;
				GCC_C_LANGUAGE_STANDARD = gnu99;
				GCC_DYNAMIC_NO_PIC = NO;
				GCC_OPTIMIZATION_LEVEL = 0;
				GCC_PREPROCESSOR_DEFINITIONS = (
					"DEBUG=1",
					"$(inherited)",
				);
				GCC_SYMBOLS_PRIVATE_EXTERN = NO;
				GCC_WARN_64_TO_32_BIT_CONVERSION = YES;
				GCC_WARN_ABOUT_RETURN_TYPE = YES_ERROR;
				GCC_WARN_UNDECLARED_SELECTOR = YES;
				GCC_WARN_UNINITIALIZED_AUTOS = YES_AGGRESSIVE;
				GCC_WARN_UNUSED_FUNCTION = YES;
				GCC_WARN_UNUSED_VARIABLE = YES;
				IPHONEOS_DEPLOYMENT_TARGET = 8.2;
				MTL_ENABLE_DEBUG_INFO = YES;
				ONLY_ACTIVE_ARCH = YES;
				SDKROOT = iphoneos;
				SWIFT_OPTIMIZATION_LEVEL = "-Onone";
				TARGETED_DEVICE_FAMILY = 2;
			};
			name = Debug;
		};
		3F7B092D1AE74DC1000EEAD4 /* Release */ = {
			isa = XCBuildConfiguration;
			buildSettings = {
				ALWAYS_SEARCH_USER_PATHS = NO;
				CLANG_CXX_LANGUAGE_STANDARD = "gnu++0x";
				CLANG_CXX_LIBRARY = "libc++";
				CLANG_ENABLE_MODULES = YES;
				CLANG_ENABLE_OBJC_ARC = YES;
				CLANG_WARN_BOOL_CONVERSION = YES;
				CLANG_WARN_CONSTANT_CONVERSION = YES;
				CLANG_WARN_DIRECT_OBJC_ISA_USAGE = YES_ERROR;
				CLANG_WARN_EMPTY_BODY = YES;
				CLANG_WARN_ENUM_CONVERSION = YES;
				CLANG_WARN_INT_CONVERSION = YES;
				CLANG_WARN_OBJC_ROOT_CLASS = YES_ERROR;
				CLANG_WARN_UNREACHABLE_CODE = YES;
				CLANG_WARN__DUPLICATE_METHOD_MATCH = YES;
				"CODE_SIGN_IDENTITY[sdk=iphoneos*]" = "iPhone Developer";
				COPY_PHASE_STRIP = NO;
				ENABLE_NS_ASSERTIONS = NO;
				ENABLE_STRICT_OBJC_MSGSEND = YES;
				GCC_C_LANGUAGE_STANDARD = gnu99;
				GCC_WARN_64_TO_32_BIT_CONVERSION = YES;
				GCC_WARN_ABOUT_RETURN_TYPE = YES_ERROR;
				GCC_WARN_UNDECLARED_SELECTOR = YES;
				GCC_WARN_UNINITIALIZED_AUTOS = YES_AGGRESSIVE;
				GCC_WARN_UNUSED_FUNCTION = YES;
				GCC_WARN_UNUSED_VARIABLE = YES;
				IPHONEOS_DEPLOYMENT_TARGET = 8.2;
				MTL_ENABLE_DEBUG_INFO = NO;
				SDKROOT = iphoneos;
				TARGETED_DEVICE_FAMILY = 2;
				VALIDATE_PRODUCT = YES;
			};
			name = Release;
		};
		3F7B092F1AE74DC1000EEAD4 /* Debug */ = {
			isa = XCBuildConfiguration;
			buildSettings = {
				ASSETCATALOG_COMPILER_APPICON_NAME = AppIcon;
				CODE_SIGN_IDENTITY = "iPhone Developer";
				INFOPLIST_FILE = SpaceInvaders/Info.plist;
				IPHONEOS_DEPLOYMENT_TARGET = 8.2;
				LD_RUNPATH_SEARCH_PATHS = "$(inherited) @executable_path/Frameworks";
				PRODUCT_NAME = "$(TARGET_NAME)";
				TARGETED_DEVICE_FAMILY = "1,2";
			};
			name = Debug;
		};
		3F7B09301AE74DC1000EEAD4 /* Release */ = {
			isa = XCBuildConfiguration;
			buildSettings = {
				ASSETCATALOG_COMPILER_APPICON_NAME = AppIcon;
				CODE_SIGN_IDENTITY = "iPhone Developer";
				INFOPLIST_FILE = SpaceInvaders/Info.plist;
				IPHONEOS_DEPLOYMENT_TARGET = 8.2;
				LD_RUNPATH_SEARCH_PATHS = "$(inherited) @executable_path/Frameworks";
				PRODUCT_NAME = "$(TARGET_NAME)";
				TARGETED_DEVICE_FAMILY = "1,2";
			};
			name = Release;
		};
		3F7B09321AE74DC1000EEAD4 /* Debug */ = {
			isa = XCBuildConfiguration;
			buildSettings = {
				BUNDLE_LOADER = "$(TEST_HOST)";
				FRAMEWORK_SEARCH_PATHS = (
					"$(SDKROOT)/Developer/Library/Frameworks",
					"$(inherited)",
				);
				GCC_PREPROCESSOR_DEFINITIONS = (
					"DEBUG=1",
					"$(inherited)",
				);
				INFOPLIST_FILE = SpaceInvadersTests/Info.plist;
				LD_RUNPATH_SEARCH_PATHS = "$(inherited) @executable_path/Frameworks @loader_path/Frameworks";
				PRODUCT_NAME = "$(TARGET_NAME)";
				TEST_HOST = "$(BUILT_PRODUCTS_DIR)/SpaceInvaders.app/SpaceInvaders";
			};
			name = Debug;
		};
		3F7B09331AE74DC1000EEAD4 /* Release */ = {
			isa = XCBuildConfiguration;
			buildSettings = {
				BUNDLE_LOADER = "$(TEST_HOST)";
				FRAMEWORK_SEARCH_PATHS = (
					"$(SDKROOT)/Developer/Library/Frameworks",
					"$(inherited)",
				);
				INFOPLIST_FILE = SpaceInvadersTests/Info.plist;
				LD_RUNPATH_SEARCH_PATHS = "$(inherited) @executable_path/Frameworks @loader_path/Frameworks";
				PRODUCT_NAME = "$(TARGET_NAME)";
				TEST_HOST = "$(BUILT_PRODUCTS_DIR)/SpaceInvaders.app/SpaceInvaders";
			};
			name = Release;
		};
/* End XCBuildConfiguration section */

/* Begin XCConfigurationList section */
		3F7B09061AE74DC0000EEAD4 /* Build configuration list for PBXProject "SpaceInvaders" */ = {
			isa = XCConfigurationList;
			buildConfigurations = (
				3F7B092C1AE74DC1000EEAD4 /* Debug */,
				3F7B092D1AE74DC1000EEAD4 /* Release */,
			);
			defaultConfigurationIsVisible = 0;
			defaultConfigurationName = Release;
		};
		3F7B092E1AE74DC1000EEAD4 /* Build configuration list for PBXNativeTarget "SpaceInvaders" */ = {
			isa = XCConfigurationList;
			buildConfigurations = (
				3F7B092F1AE74DC1000EEAD4 /* Debug */,
				3F7B09301AE74DC1000EEAD4 /* Release */,
			);
			defaultConfigurationIsVisible = 0;
			defaultConfigurationName = Release;
		};
		3F7B09311AE74DC1000EEAD4 /* Build configuration list for PBXNativeTarget "SpaceInvadersTests" */ = {
			isa = XCConfigurationList;
			buildConfigurations = (
				3F7B09321AE74DC1000EEAD4 /* Debug */,
				3F7B09331AE74DC1000EEAD4 /* Release */,
			);
			defaultConfigurationIsVisible = 0;
			defaultConfigurationName = Release;
		};
/* End XCConfigurationList section */
	};
	rootObject = 3F7B09031AE74DC0000EEAD4 /* Project object */;
}
